
Microsoft Visual Studio Solution File, Format Version 12.00
# Visual Studio Version 17
VisualStudioVersion = 17.0.32112.339
MinimumVisualStudioVersion = 10.0.40219.1
Project("{FAE04EC0-301F-11D3-BF4B-00C04F79EFBC}") = "21MayTest", "21MayTest.csproj", "{D478B4D0-E925-4D67-A056-DCBC04E2A05F}"
EndProject
Global
	GlobalSection(SolutionConfigurationPlatforms) = preSolution
		Debug|Any CPU = Debug|Any CPU
		Release|Any CPU = Release|Any CPU
	EndGlobalSection
	GlobalSection(ProjectConfigurationPlatforms) = postSolution
		{D478B4D0-E925-4D67-A056-DCBC04E2A05F}.Debug|Any CPU.ActiveCfg = Debug|Any CPU
		{D478B4D0-E925-4D67-A056-DCBC04E2A05F}.Debug|Any CPU.Build.0 = Debug|Any CPU
		{D478B4D0-E925-4D67-A056-DCBC04E2A05F}.Release|Any CPU.ActiveCfg = Release|Any CPU
		{D478B4D0-E925-4D67-A056-DCBC04E2A05F}.Release|Any CPU.Build.0 = Release|Any CPU
	EndGlobalSection
	GlobalSection(SolutionProperties) = preSolution
		HideSolutionNode = FALSE
	EndGlobalSection
	GlobalSection(ExtensibilityGlobals) = postSolution
		SolutionGuid = {09BED13E-A14C-4A42-87B3-2045BBDFCD7D}
	EndGlobalSection
EndGlobal
